
Microsoft Visual Studio Solution File, Format Version 12.00
# Visual Studio Version 16
VisualStudioVersion = 16.0.29709.97
MinimumVisualStudioVersion = 10.0.40219.1
Project("{FAE04EC0-301F-11D3-BF4B-00C04F79EFBC}") = "TroyHack", "TroyHack.csproj", "{F2439C57-8465-4F32-B402-B75F6204D3E5}"
EndProject
Global
	GlobalSection(SolutionConfigurationPlatforms) = preSolution
		Debug|Any CPU = Debug|Any CPU
		Release|Any CPU = Release|Any CPU
	EndGlobalSection
	GlobalSection(ProjectConfigurationPlatforms) = postSolution
		{F2439C57-8465-4F32-B402-B75F6204D3E5}.Debug|Any CPU.ActiveCfg = Debug|Any CPU
		{F2439C57-8465-4F32-B402-B75F6204D3E5}.Debug|Any CPU.Build.0 = Debug|Any CPU
		{F2439C57-8465-4F32-B402-B75F6204D3E5}.Release|Any CPU.ActiveCfg = Release|Any CPU
		{F2439C57-8465-4F32-B402-B75F6204D3E5}.Release|Any CPU.Build.0 = Release|Any CPU
	EndGlobalSection
	GlobalSection(SolutionProperties) = preSolution
		HideSolutionNode = FALSE
	EndGlobalSection
	GlobalSection(ExtensibilityGlobals) = postSolution
		SolutionGuid = {0ABD3BA9-CA56-4B7A-AF6B-5CF09C5B2A59}
	EndGlobalSection
EndGlobal
